Microsoft Visual Studio Solution File, Format Version 12.00
# Visual Studio Version 16
VisualStudioVersion = 16.0.30621.155
MinimumVisualStudioVersion = 10.0.40219.1
Project("{FAE04EC0-301F-11D3-BF4B-00C04F79EFBC}") = "etat_covid2", "etat_covid2.csproj", "{E6CF8EFC-3892-40F2-9514-5FA291C87FDE}"
EndProject
Project("{FAE04EC0-301F-11D3-BF4B-00C04F79EFBC}") = "InterfaceGraphique", "InterfaceGraphique\InterfaceGraphique.csproj", "{5FFA7467-3470-49FD-87D8-AB24E3966D3F}"
EndProject
Global
	GlobalSection(SolutionConfigurationPlatforms) = preSolution
		Debug|Any CPU = Debug|Any CPU
		Release|Any CPU = Release|Any CPU
	EndGlobalSection
	GlobalSection(ProjectConfigurationPlatforms) = postSolution
		{E6CF8EFC-3892-40F2-9514-5FA291C87FDE}.Debug|Any CPU.ActiveCfg = Debug|Any CPU
		{E6CF8EFC-3892-40F2-9514-5FA291C87FDE}.Debug|Any CPU.Build.0 = Debug|Any CPU
		{E6CF8EFC-3892-40F2-9514-5FA291C87FDE}.Release|Any CPU.ActiveCfg = Release|Any CPU
		{E6CF8EFC-3892-40F2-9514-5FA291C87FDE}.Release|Any CPU.Build.0 = Release|Any CPU
		{5FFA7467-3470-49FD-87D8-AB24E3966D3F}.Debug|Any CPU.ActiveCfg = Debug|Any CPU
		{5FFA7467-3470-49FD-87D8-AB24E3966D3F}.Debug|Any CPU.Build.0 = Debug|Any CPU
		{5FFA7467-3470-49FD-87D8-AB24E3966D3F}.Release|Any CPU.ActiveCfg = Release|Any CPU
		{5FFA7467-3470-49FD-87D8-AB24E3966D3F}.Release|Any CPU.Build.0 = Release|Any CPU
	EndGlobalSection
	GlobalSection(SolutionProperties) = preSolution
		HideSolutionNode = FALSE
	EndGlobalSection
	GlobalSection(ExtensibilityGlobals) = postSolution
		SolutionGuid = {7E4302C4-7AA1-432F-8EA5-DD5F3B669F8B}
	EndGlobalSection
EndGlobal
